// !$*UTF8*$!
{
	archiveVersion = 1;
	classes = {
	};
	objectVersion = 48;
	objects = {

/* Begin PBXBuildFile section */
		4F1110341DD7AA200036E55C /* Webhooks.swift in Sources */ = {isa = PBXBuildFile; fileRef = 4F1110331DD7AA200036E55C /* Webhooks.swift */; };
		4F1110351DD7AA400036E55C /* Webhooks.swift in Sources */ = {isa = PBXBuildFile; fileRef = 4F1110331DD7AA200036E55C /* Webhooks.swift */; };
		4F1110361DD7AA410036E55C /* Webhooks.swift in Sources */ = {isa = PBXBuildFile; fileRef = 4F1110331DD7AA200036E55C /* Webhooks.swift */; };
		4F1110371DD7AA410036E55C /* Webhooks.swift in Sources */ = {isa = PBXBuildFile; fileRef = 4F1110331DD7AA200036E55C /* Webhooks.swift */; };
		4F5304E91DDCD82A00286CA6 /* Events.swift in Sources */ = {isa = PBXBuildFile; fileRef = 4F5304E81DDCD82A00286CA6 /* Events.swift */; };
		4F5304EA1DDCD84E00286CA6 /* Events.swift in Sources */ = {isa = PBXBuildFile; fileRef = 4F5304E81DDCD82A00286CA6 /* Events.swift */; };
		4F5304EB1DDCD85000286CA6 /* Events.swift in Sources */ = {isa = PBXBuildFile; fileRef = 4F5304E81DDCD82A00286CA6 /* Events.swift */; };
		4F5304EC1DDCD85100286CA6 /* Events.swift in Sources */ = {isa = PBXBuildFile; fileRef = 4F5304E81DDCD82A00286CA6 /* Events.swift */; };
		4FA85AA61D0C866C00EC906B /* ParticleSwift.h in Headers */ = {isa = PBXBuildFile; fileRef = 4FA85AA51D0C866C00EC906B /* ParticleSwift.h */; settings = {ATTRIBUTES = (Public, ); }; };
		4FA85AAD1D0C866C00EC906B /* ParticleSwift.framework in Frameworks */ = {isa = PBXBuildFile; fileRef = 4FA85AA21D0C866C00EC906B /* ParticleSwift.framework */; };
		4FA85AB21D0C866C00EC906B /* ParticleSwiftTests.swift in Sources */ = {isa = PBXBuildFile; fileRef = 4FA85AB11D0C866C00EC906B /* ParticleSwiftTests.swift */; };
		4FA85AC71D0C88D300EC906B /* ParticleSwift-iOS.h in Headers */ = {isa = PBXBuildFile; fileRef = 4FA85AC61D0C88D300EC906B /* ParticleSwift-iOS.h */; settings = {ATTRIBUTES = (Public, ); }; };
		4FA85ACE1D0C88D300EC906B /* ParticleSwift.framework in Frameworks */ = {isa = PBXBuildFile; fileRef = 4FA85AC41D0C88D200EC906B /* ParticleSwift.framework */; };
		4FA85AD31D0C88D300EC906B /* ParticleSwift_iOSTests.swift in Sources */ = {isa = PBXBuildFile; fileRef = 4FA85AD21D0C88D300EC906B /* ParticleSwift_iOSTests.swift */; };
		4FA85AE31D0C890E00EC906B /* ParticleSwift-watchOS.h in Headers */ = {isa = PBXBuildFile; fileRef = 4FA85AE21D0C890E00EC906B /* ParticleSwift-watchOS.h */; settings = {ATTRIBUTES = (Public, ); }; };
		4FA85AF01D0C891D00EC906B /* ParticleSwift-tvOS.h in Headers */ = {isa = PBXBuildFile; fileRef = 4FA85AEF1D0C891D00EC906B /* ParticleSwift-tvOS.h */; settings = {ATTRIBUTES = (Public, ); }; };
		4FA85AF71D0C891D00EC906B /* ParticleSwift.framework in Frameworks */ = {isa = PBXBuildFile; fileRef = 4FA85AED1D0C891D00EC906B /* ParticleSwift.framework */; };
		4FA85AFC1D0C891D00EC906B /* ParticleSwift_tvOSTests.swift in Sources */ = {isa = PBXBuildFile; fileRef = 4FA85AFB1D0C891D00EC906B /* ParticleSwift_tvOSTests.swift */; };
		4FA85B091D0C9FF900EC906B /* Errors.swift in Sources */ = {isa = PBXBuildFile; fileRef = 4FA85B081D0C9FF900EC906B /* Errors.swift */; };
		4FA85B0A1D0C9FF900EC906B /* Errors.swift in Sources */ = {isa = PBXBuildFile; fileRef = 4FA85B081D0C9FF900EC906B /* Errors.swift */; };
		4FA85B0B1D0C9FF900EC906B /* Errors.swift in Sources */ = {isa = PBXBuildFile; fileRef = 4FA85B081D0C9FF900EC906B /* Errors.swift */; };
		4FA85B0C1D0C9FF900EC906B /* Errors.swift in Sources */ = {isa = PBXBuildFile; fileRef = 4FA85B081D0C9FF900EC906B /* Errors.swift */; };
		4FA85B0E1D0CA04100EC906B /* Common.swift in Sources */ = {isa = PBXBuildFile; fileRef = 4FA85B0D1D0CA04100EC906B /* Common.swift */; };
		4FA85B0F1D0CA04100EC906B /* Common.swift in Sources */ = {isa = PBXBuildFile; fileRef = 4FA85B0D1D0CA04100EC906B /* Common.swift */; };
		4FA85B101D0CA04100EC906B /* Common.swift in Sources */ = {isa = PBXBuildFile; fileRef = 4FA85B0D1D0CA04100EC906B /* Common.swift */; };
		4FA85B111D0CA04100EC906B /* Common.swift in Sources */ = {isa = PBXBuildFile; fileRef = 4FA85B0D1D0CA04100EC906B /* Common.swift */; };
		4FA85B131D0CA07B00EC906B /* Authentication.swift in Sources */ = {isa = PBXBuildFile; fileRef = 4FA85B121D0CA07B00EC906B /* Authentication.swift */; };
		4FA85B141D0CA07B00EC906B /* Authentication.swift in Sources */ = {isa = PBXBuildFile; fileRef = 4FA85B121D0CA07B00EC906B /* Authentication.swift */; };
		4FA85B151D0CA07B00EC906B /* Authentication.swift in Sources */ = {isa = PBXBuildFile; fileRef = 4FA85B121D0CA07B00EC906B /* Authentication.swift */; };
		4FA85B161D0CA07B00EC906B /* Authentication.swift in Sources */ = {isa = PBXBuildFile; fileRef = 4FA85B121D0CA07B00EC906B /* Authentication.swift */; };
		4FA85B1A1D0CA14800EC906B /* ParticleCloud.swift in Sources */ = {isa = PBXBuildFile; fileRef = 4FA85B171D0CA14800EC906B /* ParticleCloud.swift */; };
		4FA85B1B1D0CA14800EC906B /* ParticleCloud.swift in Sources */ = {isa = PBXBuildFile; fileRef = 4FA85B171D0CA14800EC906B /* ParticleCloud.swift */; };
		4FA85B1C1D0CA14800EC906B /* ParticleCloud.swift in Sources */ = {isa = PBXBuildFile; fileRef = 4FA85B171D0CA14800EC906B /* ParticleCloud.swift */; };
		4FA85B1D1D0CA14800EC906B /* ParticleCloud.swift in Sources */ = {isa = PBXBuildFile; fileRef = 4FA85B171D0CA14800EC906B /* ParticleCloud.swift */; };
		4FA85B221D0CA14800EC906B /* Device.swift in Sources */ = {isa = PBXBuildFile; fileRef = 4FA85B191D0CA14800EC906B /* Device.swift */; };
		4FA85B231D0CA14800EC906B /* Device.swift in Sources */ = {isa = PBXBuildFile; fileRef = 4FA85B191D0CA14800EC906B /* Device.swift */; };
		4FA85B241D0CA14800EC906B /* Device.swift in Sources */ = {isa = PBXBuildFile; fileRef = 4FA85B191D0CA14800EC906B /* Device.swift */; };
		4FA85B251D0CA14800EC906B /* Device.swift in Sources */ = {isa = PBXBuildFile; fileRef = 4FA85B191D0CA14800EC906B /* Device.swift */; };
		4FA85B2C1D0CA15900EC906B /* Foundation+ParticleSwift.swift in Sources */ = {isa = PBXBuildFile; fileRef = 4FA85B271D0CA15900EC906B /* Foundation+ParticleSwift.swift */; };
		4FA85B2D1D0CA15900EC906B /* Foundation+ParticleSwift.swift in Sources */ = {isa = PBXBuildFile; fileRef = 4FA85B271D0CA15900EC906B /* Foundation+ParticleSwift.swift */; };
		4FA85B2E1D0CA15900EC906B /* Foundation+ParticleSwift.swift in Sources */ = {isa = PBXBuildFile; fileRef = 4FA85B271D0CA15900EC906B /* Foundation+ParticleSwift.swift */; };
		4FA85B2F1D0CA15900EC906B /* Foundation+ParticleSwift.swift in Sources */ = {isa = PBXBuildFile; fileRef = 4FA85B271D0CA15900EC906B /* Foundation+ParticleSwift.swift */; };
		4FFCEE891D43B07200FBECDE /* Logging.swift in Sources */ = {isa = PBXBuildFile; fileRef = 4FFCEE881D43B07200FBECDE /* Logging.swift */; };
		4FFCEE8A1D43B07200FBECDE /* Logging.swift in Sources */ = {isa = PBXBuildFile; fileRef = 4FFCEE881D43B07200FBECDE /* Logging.swift */; };
		4FFCEE8B1D43B07200FBECDE /* Logging.swift in Sources */ = {isa = PBXBuildFile; fileRef = 4FFCEE881D43B07200FBECDE /* Logging.swift */; };
		4FFCEE8C1D43B07200FBECDE /* Logging.swift in Sources */ = {isa = PBXBuildFile; fileRef = 4FFCEE881D43B07200FBECDE /* Logging.swift */; };
		4FFCEF101D443C6E00FBECDE /* ParticleSwiftInfo.swift in Sources */ = {isa = PBXBuildFile; fileRef = 4FFCEF0F1D443C6E00FBECDE /* ParticleSwiftInfo.swift */; };
		4FFCEF111D443C7800FBECDE /* ParticleSwiftInfo.swift in Sources */ = {isa = PBXBuildFile; fileRef = 4FFCEF0F1D443C6E00FBECDE /* ParticleSwiftInfo.swift */; };
		4FFCEF121D443C7800FBECDE /* ParticleSwiftInfo.swift in Sources */ = {isa = PBXBuildFile; fileRef = 4FFCEF0F1D443C6E00FBECDE /* ParticleSwiftInfo.swift */; };
		4FFCEF131D443C7900FBECDE /* ParticleSwiftInfo.swift in Sources */ = {isa = PBXBuildFile; fileRef = 4FFCEF0F1D443C6E00FBECDE /* ParticleSwiftInfo.swift */; };
/* End PBXBuildFile section */

/* Begin PBXContainerItemProxy section */
		4FA85AAE1D0C866C00EC906B /* PBXContainerItemProxy */ = {
			isa = PBXContainerItemProxy;
			containerPortal = 4FA85A991D0C866C00EC906B /* Project object */;
			proxyType = 1;
			remoteGlobalIDString = 4FA85AA11D0C866C00EC906B;
			remoteInfo = ParticleSwift;
		};
		4FA85ACF1D0C88D300EC906B /* PBXContainerItemProxy */ = {
			isa = PBXContainerItemProxy;
			containerPortal = 4FA85A991D0C866C00EC906B /* Project object */;
			proxyType = 1;
			remoteGlobalIDString = 4FA85AC31D0C88D200EC906B;
			remoteInfo = "ParticleSwift-iOS";
		};
		4FA85AF81D0C891D00EC906B /* PBXContainerItemProxy */ = {
			isa = PBXContainerItemProxy;
			containerPortal = 4FA85A991D0C866C00EC906B /* Project object */;
			proxyType = 1;
			remoteGlobalIDString = 4FA85AEC1D0C891D00EC906B;
			remoteInfo = "ParticleSwift-tvOS";
		};
/* End PBXContainerItemProxy section */

/* Begin PBXFileReference section */
		4F1110331DD7AA200036E55C /* Webhooks.swift */ = {isa = PBXFileReference; fileEncoding = 4; lastKnownFileType = sourcecode.swift; path = Webhooks.swift; sourceTree = "<group>"; };
		4F5304E81DDCD82A00286CA6 /* Events.swift */ = {isa = PBXFileReference; fileEncoding = 4; lastKnownFileType = sourcecode.swift; path = Events.swift; sourceTree = "<group>"; };
		4FA85AA21D0C866C00EC906B /* ParticleSwift.framework */ = {isa = PBXFileReference; explicitFileType = wrapper.framework; includeInIndex = 0; path = ParticleSwift.framework; sourceTree = BUILT_PRODUCTS_DIR; };
		4FA85AA51D0C866C00EC906B /* ParticleSwift.h */ = {isa = PBXFileReference; lastKnownFileType = sourcecode.c.h; path = ParticleSwift.h; sourceTree = "<group>"; };
		4FA85AA71D0C866C00EC906B /* Info.plist */ = {isa = PBXFileReference; lastKnownFileType = text.plist.xml; path = Info.plist; sourceTree = "<group>"; };
		4FA85AAC1D0C866C00EC906B /* ParticleSwift-macOSTests.xctest */ = {isa = PBXFileReference; explicitFileType = wrapper.cfbundle; includeInIndex = 0; path = "ParticleSwift-macOSTests.xctest"; sourceTree = BUILT_PRODUCTS_DIR; };
		4FA85AB11D0C866C00EC906B /* ParticleSwiftTests.swift */ = {isa = PBXFileReference; lastKnownFileType = sourcecode.swift; path = ParticleSwiftTests.swift; sourceTree = "<group>"; };
		4FA85AB31D0C866C00EC906B /* Info.plist */ = {isa = PBXFileReference; lastKnownFileType = text.plist.xml; path = Info.plist; sourceTree = "<group>"; };
		4FA85AC41D0C88D200EC906B /* ParticleSwift.framework */ = {isa = PBXFileReference; explicitFileType = wrapper.framework; includeInIndex = 0; path = ParticleSwift.framework; sourceTree = BUILT_PRODUCTS_DIR; };
		4FA85AC61D0C88D300EC906B /* ParticleSwift-iOS.h */ = {isa = PBXFileReference; lastKnownFileType = sourcecode.c.h; path = "ParticleSwift-iOS.h"; sourceTree = "<group>"; };
		4FA85AC81D0C88D300EC906B /* Info.plist */ = {isa = PBXFileReference; lastKnownFileType = text.plist.xml; path = Info.plist; sourceTree = "<group>"; };
		4FA85ACD1D0C88D300EC906B /* ParticleSwift-iOSTests.xctest */ = {isa = PBXFileReference; explicitFileType = wrapper.cfbundle; includeInIndex = 0; path = "ParticleSwift-iOSTests.xctest"; sourceTree = BUILT_PRODUCTS_DIR; };
		4FA85AD21D0C88D300EC906B /* ParticleSwift_iOSTests.swift */ = {isa = PBXFileReference; lastKnownFileType = sourcecode.swift; path = ParticleSwift_iOSTests.swift; sourceTree = "<group>"; };
		4FA85AD41D0C88D300EC906B /* Info.plist */ = {isa = PBXFileReference; lastKnownFileType = text.plist.xml; path = Info.plist; sourceTree = "<group>"; };
		4FA85AE01D0C890E00EC906B /* ParticleSwift.framework */ = {isa = PBXFileReference; explicitFileType = wrapper.framework; includeInIndex = 0; path = ParticleSwift.framework; sourceTree = BUILT_PRODUCTS_DIR; };
		4FA85AE21D0C890E00EC906B /* ParticleSwift-watchOS.h */ = {isa = PBXFileReference; lastKnownFileType = sourcecode.c.h; path = "ParticleSwift-watchOS.h"; sourceTree = "<group>"; };
		4FA85AE41D0C890E00EC906B /* Info.plist */ = {isa = PBXFileReference; lastKnownFileType = text.plist.xml; path = Info.plist; sourceTree = "<group>"; };
		4FA85AED1D0C891D00EC906B /* ParticleSwift.framework */ = {isa = PBXFileReference; explicitFileType = wrapper.framework; includeInIndex = 0; path = ParticleSwift.framework; sourceTree = BUILT_PRODUCTS_DIR; };
		4FA85AEF1D0C891D00EC906B /* ParticleSwift-tvOS.h */ = {isa = PBXFileReference; lastKnownFileType = sourcecode.c.h; path = "ParticleSwift-tvOS.h"; sourceTree = "<group>"; };
		4FA85AF11D0C891D00EC906B /* Info.plist */ = {isa = PBXFileReference; lastKnownFileType = text.plist.xml; path = Info.plist; sourceTree = "<group>"; };
		4FA85AF61D0C891D00EC906B /* ParticleSwift-tvOSTests.xctest */ = {isa = PBXFileReference; explicitFileType = wrapper.cfbundle; includeInIndex = 0; path = "ParticleSwift-tvOSTests.xctest"; sourceTree = BUILT_PRODUCTS_DIR; };
		4FA85AFB1D0C891D00EC906B /* ParticleSwift_tvOSTests.swift */ = {isa = PBXFileReference; lastKnownFileType = sourcecode.swift; path = ParticleSwift_tvOSTests.swift; sourceTree = "<group>"; };
		4FA85AFD1D0C891D00EC906B /* Info.plist */ = {isa = PBXFileReference; lastKnownFileType = text.plist.xml; path = Info.plist; sourceTree = "<group>"; };
		4FA85B081D0C9FF900EC906B /* Errors.swift */ = {isa = PBXFileReference; fileEncoding = 4; lastKnownFileType = sourcecode.swift; path = Errors.swift; sourceTree = "<group>"; };
		4FA85B0D1D0CA04100EC906B /* Common.swift */ = {isa = PBXFileReference; fileEncoding = 4; lastKnownFileType = sourcecode.swift; path = Common.swift; sourceTree = "<group>"; };
		4FA85B121D0CA07B00EC906B /* Authentication.swift */ = {isa = PBXFileReference; fileEncoding = 4; lastKnownFileType = sourcecode.swift; path = Authentication.swift; sourceTree = "<group>"; };
		4FA85B171D0CA14800EC906B /* ParticleCloud.swift */ = {isa = PBXFileReference; fileEncoding = 4; lastKnownFileType = sourcecode.swift; path = ParticleCloud.swift; sourceTree = "<group>"; };
		4FA85B191D0CA14800EC906B /* Device.swift */ = {isa = PBXFileReference; fileEncoding = 4; lastKnownFileType = sourcecode.swift; path = Device.swift; sourceTree = "<group>"; };
		4FA85B271D0CA15900EC906B /* Foundation+ParticleSwift.swift */ = {isa = PBXFileReference; fileEncoding = 4; lastKnownFileType = sourcecode.swift; path = "Foundation+ParticleSwift.swift"; sourceTree = "<group>"; };
		4FFCEE881D43B07200FBECDE /* Logging.swift */ = {isa = PBXFileReference; fileEncoding = 4; lastKnownFileType = sourcecode.swift; path = Logging.swift; sourceTree = "<group>"; };
		4FFCEF0F1D443C6E00FBECDE /* ParticleSwiftInfo.swift */ = {isa = PBXFileReference; fileEncoding = 4; lastKnownFileType = sourcecode.swift; path = ParticleSwiftInfo.swift; sourceTree = "<group>"; };
/* End PBXFileReference section */

/* Begin PBXFrameworksBuildPhase section */
		4FA85A9E1D0C866C00EC906B /* Frameworks */ = {
			isa = PBXFrameworksBuildPhase;
			buildActionMask = 2147483647;
			files = (
			);
			runOnlyForDeploymentPostprocessing = 0;
		};
		4FA85AA91D0C866C00EC906B /* Frameworks */ = {
			isa = PBXFrameworksBuildPhase;
			buildActionMask = 2147483647;
			files = (
				4FA85AAD1D0C866C00EC906B /* ParticleSwift.framework in Frameworks */,
			);
			runOnlyForDeploymentPostprocessing = 0;
		};
		4FA85AC01D0C88D200EC906B /* Frameworks */ = {
			isa = PBXFrameworksBuildPhase;
			buildActionMask = 2147483647;
			files = (
			);
			runOnlyForDeploymentPostprocessing = 0;
		};
		4FA85ACA1D0C88D300EC906B /* Frameworks */ = {
			isa = PBXFrameworksBuildPhase;
			buildActionMask = 2147483647;
			files = (
				4FA85ACE1D0C88D300EC906B /* ParticleSwift.framework in Frameworks */,
			);
			runOnlyForDeploymentPostprocessing = 0;
		};
		4FA85ADC1D0C890E00EC906B /* Frameworks */ = {
			isa = PBXFrameworksBuildPhase;
			buildActionMask = 2147483647;
			files = (
			);
			runOnlyForDeploymentPostprocessing = 0;
		};
		4FA85AE91D0C891D00EC906B /* Frameworks */ = {
			isa = PBXFrameworksBuildPhase;
			buildActionMask = 2147483647;
			files = (
			);
			runOnlyForDeploymentPostprocessing = 0;
		};
		4FA85AF31D0C891D00EC906B /* Frameworks */ = {
			isa = PBXFrameworksBuildPhase;
			buildActionMask = 2147483647;
			files = (
				4FA85AF71D0C891D00EC906B /* ParticleSwift.framework in Frameworks */,
			);
			runOnlyForDeploymentPostprocessing = 0;
		};
/* End PBXFrameworksBuildPhase section */

/* Begin PBXGroup section */
		4FA85A981D0C866C00EC906B = {
			isa = PBXGroup;
			children = (
				4FA85ABC1D0C87E600EC906B /* Sources */,
				4FA85B041D0C892C00EC906B /* Targets */,
				4FA85AA31D0C866C00EC906B /* Products */,
			);
			sourceTree = "<group>";
		};
		4FA85AA31D0C866C00EC906B /* Products */ = {
			isa = PBXGroup;
			children = (
				4FA85AA21D0C866C00EC906B /* ParticleSwift.framework */,
				4FA85AAC1D0C866C00EC906B /* ParticleSwift-macOSTests.xctest */,
				4FA85AC41D0C88D200EC906B /* ParticleSwift.framework */,
				4FA85ACD1D0C88D300EC906B /* ParticleSwift-iOSTests.xctest */,
				4FA85AE01D0C890E00EC906B /* ParticleSwift.framework */,
				4FA85AED1D0C891D00EC906B /* ParticleSwift.framework */,
				4FA85AF61D0C891D00EC906B /* ParticleSwift-tvOSTests.xctest */,
			);
			name = Products;
			sourceTree = "<group>";
		};
		4FA85AA41D0C866C00EC906B /* ParticleSwift-macOS */ = {
			isa = PBXGroup;
			children = (
				4FA85AA51D0C866C00EC906B /* ParticleSwift.h */,
				4FA85AA71D0C866C00EC906B /* Info.plist */,
			);
			name = "ParticleSwift-macOS";
			path = ParticleSwift;
			sourceTree = "<group>";
		};
		4FA85AB01D0C866C00EC906B /* ParticleSwiftTests */ = {
			isa = PBXGroup;
			children = (
				4FA85AB11D0C866C00EC906B /* ParticleSwiftTests.swift */,
				4FA85AB31D0C866C00EC906B /* Info.plist */,
			);
			path = ParticleSwiftTests;
			sourceTree = "<group>";
		};
		4FA85ABC1D0C87E600EC906B /* Sources */ = {
			isa = PBXGroup;
			children = (
				4FA85B121D0CA07B00EC906B /* Authentication.swift */,
				4FA85B0D1D0CA04100EC906B /* Common.swift */,
				4FA85B191D0CA14800EC906B /* Device.swift */,
				4F5304E81DDCD82A00286CA6 /* Events.swift */,
				4FA85B081D0C9FF900EC906B /* Errors.swift */,
				4FA85B271D0CA15900EC906B /* Foundation+ParticleSwift.swift */,
				4FA85B171D0CA14800EC906B /* ParticleCloud.swift */,
				4FFCEE881D43B07200FBECDE /* Logging.swift */,
				4FFCEF0F1D443C6E00FBECDE /* ParticleSwiftInfo.swift */,
				4F1110331DD7AA200036E55C /* Webhooks.swift */,
			);
			name = Sources;
			path = ../Sources;
			sourceTree = "<group>";
		};
		4FA85AC51D0C88D300EC906B /* ParticleSwift-iOS */ = {
			isa = PBXGroup;
			children = (
				4FA85AC61D0C88D300EC906B /* ParticleSwift-iOS.h */,
				4FA85AC81D0C88D300EC906B /* Info.plist */,
			);
			path = "ParticleSwift-iOS";
			sourceTree = "<group>";
		};
		4FA85AD11D0C88D300EC906B /* ParticleSwift-iOSTests */ = {
			isa = PBXGroup;
			children = (
				4FA85AD21D0C88D300EC906B /* ParticleSwift_iOSTests.swift */,
				4FA85AD41D0C88D300EC906B /* Info.plist */,
			);
			path = "ParticleSwift-iOSTests";
			sourceTree = "<group>";
		};
		4FA85AE11D0C890E00EC906B /* ParticleSwift-watchOS */ = {
			isa = PBXGroup;
			children = (
				4FA85AE21D0C890E00EC906B /* ParticleSwift-watchOS.h */,
				4FA85AE41D0C890E00EC906B /* Info.plist */,
			);
			path = "ParticleSwift-watchOS";
			sourceTree = "<group>";
		};
		4FA85AEE1D0C891D00EC906B /* ParticleSwift-tvOS */ = {
			isa = PBXGroup;
			children = (
				4FA85AEF1D0C891D00EC906B /* ParticleSwift-tvOS.h */,
				4FA85AF11D0C891D00EC906B /* Info.plist */,
			);
			path = "ParticleSwift-tvOS";
			sourceTree = "<group>";
		};
		4FA85AFA1D0C891D00EC906B /* ParticleSwift-tvOSTests */ = {
			isa = PBXGroup;
			children = (
				4FA85AFB1D0C891D00EC906B /* ParticleSwift_tvOSTests.swift */,
				4FA85AFD1D0C891D00EC906B /* Info.plist */,
			);
			path = "ParticleSwift-tvOSTests";
			sourceTree = "<group>";
		};
		4FA85B041D0C892C00EC906B /* Targets */ = {
			isa = PBXGroup;
			children = (
				4FA85AA41D0C866C00EC906B /* ParticleSwift-macOS */,
				4FA85AB01D0C866C00EC906B /* ParticleSwiftTests */,
				4FA85AC51D0C88D300EC906B /* ParticleSwift-iOS */,
				4FA85AD11D0C88D300EC906B /* ParticleSwift-iOSTests */,
				4FA85AE11D0C890E00EC906B /* ParticleSwift-watchOS */,
				4FA85AEE1D0C891D00EC906B /* ParticleSwift-tvOS */,
				4FA85AFA1D0C891D00EC906B /* ParticleSwift-tvOSTests */,
			);
			name = Targets;
			sourceTree = "<group>";
		};
/* End PBXGroup section */

/* Begin PBXHeadersBuildPhase section */
		4FA85A9F1D0C866C00EC906B /* Headers */ = {
			isa = PBXHeadersBuildPhase;
			buildActionMask = 2147483647;
			files = (
				4FA85AA61D0C866C00EC906B /* ParticleSwift.h in Headers */,
			);
			runOnlyForDeploymentPostprocessing = 0;
		};
		4FA85AC11D0C88D200EC906B /* Headers */ = {
			isa = PBXHeadersBuildPhase;
			buildActionMask = 2147483647;
			files = (
				4FA85AC71D0C88D300EC906B /* ParticleSwift-iOS.h in Headers */,
			);
			runOnlyForDeploymentPostprocessing = 0;
		};
		4FA85ADD1D0C890E00EC906B /* Headers */ = {
			isa = PBXHeadersBuildPhase;
			buildActionMask = 2147483647;
			files = (
				4FA85AE31D0C890E00EC906B /* ParticleSwift-watchOS.h in Headers */,
			);
			runOnlyForDeploymentPostprocessing = 0;
		};
		4FA85AEA1D0C891D00EC906B /* Headers */ = {
			isa = PBXHeadersBuildPhase;
			buildActionMask = 2147483647;
			files = (
				4FA85AF01D0C891D00EC906B /* ParticleSwift-tvOS.h in Headers */,
			);
			runOnlyForDeploymentPostprocessing = 0;
		};
/* End PBXHeadersBuildPhase section */

/* Begin PBXNativeTarget section */
		4FA85AA11D0C866C00EC906B /* ParticleSwift-macOS */ = {
			isa = PBXNativeTarget;
			buildConfigurationList = 4FA85AB61D0C866C00EC906B /* Build configuration list for PBXNativeTarget "ParticleSwift-macOS" */;
			buildPhases = (
				4FA85A9D1D0C866C00EC906B /* Sources */,
				4FA85A9E1D0C866C00EC906B /* Frameworks */,
				4FA85A9F1D0C866C00EC906B /* Headers */,
				4FA85AA01D0C866C00EC906B /* Resources */,
			);
			buildRules = (
			);
			dependencies = (
			);
			name = "ParticleSwift-macOS";
			productName = ParticleSwift;
			productReference = 4FA85AA21D0C866C00EC906B /* ParticleSwift.framework */;
			productType = "com.apple.product-type.framework";
		};
		4FA85AAB1D0C866C00EC906B /* ParticleSwift-macOSTests */ = {
			isa = PBXNativeTarget;
			buildConfigurationList = 4FA85AB91D0C866C00EC906B /* Build configuration list for PBXNativeTarget "ParticleSwift-macOSTests" */;
			buildPhases = (
				4FA85AA81D0C866C00EC906B /* Sources */,
				4FA85AA91D0C866C00EC906B /* Frameworks */,
				4FA85AAA1D0C866C00EC906B /* Resources */,
			);
			buildRules = (
			);
			dependencies = (
				4FA85AAF1D0C866C00EC906B /* PBXTargetDependency */,
			);
			name = "ParticleSwift-macOSTests";
			productName = ParticleSwiftTests;
			productReference = 4FA85AAC1D0C866C00EC906B /* ParticleSwift-macOSTests.xctest */;
			productType = "com.apple.product-type.bundle.unit-test";
		};
		4FA85AC31D0C88D200EC906B /* ParticleSwift-iOS */ = {
			isa = PBXNativeTarget;
			buildConfigurationList = 4FA85AD51D0C88D300EC906B /* Build configuration list for PBXNativeTarget "ParticleSwift-iOS" */;
			buildPhases = (
				4FA85ABF1D0C88D200EC906B /* Sources */,
				4FA85AC01D0C88D200EC906B /* Frameworks */,
				4FA85AC11D0C88D200EC906B /* Headers */,
				4FA85AC21D0C88D200EC906B /* Resources */,
			);
			buildRules = (
			);
			dependencies = (
			);
			name = "ParticleSwift-iOS";
			productName = "ParticleSwift-iOS";
			productReference = 4FA85AC41D0C88D200EC906B /* ParticleSwift.framework */;
			productType = "com.apple.product-type.framework";
		};
		4FA85ACC1D0C88D300EC906B /* ParticleSwift-iOSTests */ = {
			isa = PBXNativeTarget;
			buildConfigurationList = 4FA85AD81D0C88D300EC906B /* Build configuration list for PBXNativeTarget "ParticleSwift-iOSTests" */;
			buildPhases = (
				4FA85AC91D0C88D300EC906B /* Sources */,
				4FA85ACA1D0C88D300EC906B /* Frameworks */,
				4FA85ACB1D0C88D300EC906B /* Resources */,
			);
			buildRules = (
			);
			dependencies = (
				4FA85AD01D0C88D300EC906B /* PBXTargetDependency */,
			);
			name = "ParticleSwift-iOSTests";
			productName = "ParticleSwift-iOSTests";
			productReference = 4FA85ACD1D0C88D300EC906B /* ParticleSwift-iOSTests.xctest */;
			productType = "com.apple.product-type.bundle.unit-test";
		};
		4FA85ADF1D0C890E00EC906B /* ParticleSwift-watchOS */ = {
			isa = PBXNativeTarget;
			buildConfigurationList = 4FA85AE51D0C890E00EC906B /* Build configuration list for PBXNativeTarget "ParticleSwift-watchOS" */;
			buildPhases = (
				4FA85ADB1D0C890E00EC906B /* Sources */,
				4FA85ADC1D0C890E00EC906B /* Frameworks */,
				4FA85ADD1D0C890E00EC906B /* Headers */,
				4FA85ADE1D0C890E00EC906B /* Resources */,
			);
			buildRules = (
			);
			dependencies = (
			);
			name = "ParticleSwift-watchOS";
			productName = "ParticleSwift-watchOS";
			productReference = 4FA85AE01D0C890E00EC906B /* ParticleSwift.framework */;
			productType = "com.apple.product-type.framework";
		};
		4FA85AEC1D0C891D00EC906B /* ParticleSwift-tvOS */ = {
			isa = PBXNativeTarget;
			buildConfigurationList = 4FA85AFE1D0C891D00EC906B /* Build configuration list for PBXNativeTarget "ParticleSwift-tvOS" */;
			buildPhases = (
				4FA85AE81D0C891D00EC906B /* Sources */,
				4FA85AE91D0C891D00EC906B /* Frameworks */,
				4FA85AEA1D0C891D00EC906B /* Headers */,
				4FA85AEB1D0C891D00EC906B /* Resources */,
			);
			buildRules = (
			);
			dependencies = (
			);
			name = "ParticleSwift-tvOS";
			productName = "ParticleSwift-tvOS";
			productReference = 4FA85AED1D0C891D00EC906B /* ParticleSwift.framework */;
			productType = "com.apple.product-type.framework";
		};
		4FA85AF51D0C891D00EC906B /* ParticleSwift-tvOSTests */ = {
			isa = PBXNativeTarget;
			buildConfigurationList = 4FA85B011D0C891D00EC906B /* Build configuration list for PBXNativeTarget "ParticleSwift-tvOSTests" */;
			buildPhases = (
				4FA85AF21D0C891D00EC906B /* Sources */,
				4FA85AF31D0C891D00EC906B /* Frameworks */,
				4FA85AF41D0C891D00EC906B /* Resources */,
			);
			buildRules = (
			);
			dependencies = (
				4FA85AF91D0C891D00EC906B /* PBXTargetDependency */,
			);
			name = "ParticleSwift-tvOSTests";
			productName = "ParticleSwift-tvOSTests";
			productReference = 4FA85AF61D0C891D00EC906B /* ParticleSwift-tvOSTests.xctest */;
			productType = "com.apple.product-type.bundle.unit-test";
		};
/* End PBXNativeTarget section */

/* Begin PBXProject section */
		4FA85A991D0C866C00EC906B /* Project object */ = {
			isa = PBXProject;
			attributes = {
				LastSwiftUpdateCheck = 0730;
				LastUpgradeCheck = 0810;
				ORGANIZATIONNAME = "Mark Vakoc";
				TargetAttributes = {
					4FA85AA11D0C866C00EC906B = {
						CreatedOnToolsVersion = 7.3.1;
						LastSwiftMigration = 0800;
					};
					4FA85AAB1D0C866C00EC906B = {
						CreatedOnToolsVersion = 7.3.1;
						LastSwiftMigration = 0800;
					};
					4FA85AC31D0C88D200EC906B = {
						CreatedOnToolsVersion = 7.3.1;
						DevelopmentTeamName = "Mark Vakoc";
						LastSwiftMigration = 0800;
						ProvisioningStyle = Manual;
					};
					4FA85ACC1D0C88D300EC906B = {
						CreatedOnToolsVersion = 7.3.1;
						ProvisioningStyle = Automatic;
					};
					4FA85ADF1D0C890E00EC906B = {
						CreatedOnToolsVersion = 7.3.1;
						LastSwiftMigration = 0800;
						ProvisioningStyle = Manual;
					};
					4FA85AEC1D0C891D00EC906B = {
						CreatedOnToolsVersion = 7.3.1;
						ProvisioningStyle = Manual;
					};
					4FA85AF51D0C891D00EC906B = {
						CreatedOnToolsVersion = 7.3.1;
					};
				};
			};
			buildConfigurationList = 4FA85A9C1D0C866C00EC906B /* Build configuration list for PBXProject "ParticleSwift" */;
			compatibilityVersion = "Xcode 8.0";
			developmentRegion = English;
			hasScannedForEncodings = 0;
			knownRegions = (
				en,
			);
			mainGroup = 4FA85A981D0C866C00EC906B;
			productRefGroup = 4FA85AA31D0C866C00EC906B /* Products */;
			projectDirPath = "";
			projectRoot = "";
			targets = (
				4FA85AA11D0C866C00EC906B /* ParticleSwift-macOS */,
				4FA85AAB1D0C866C00EC906B /* ParticleSwift-macOSTests */,
				4FA85AC31D0C88D200EC906B /* ParticleSwift-iOS */,
				4FA85ACC1D0C88D300EC906B /* ParticleSwift-iOSTests */,
				4FA85ADF1D0C890E00EC906B /* ParticleSwift-watchOS */,
				4FA85AEC1D0C891D00EC906B /* ParticleSwift-tvOS */,
				4FA85AF51D0C891D00EC906B /* ParticleSwift-tvOSTests */,
			);
		};
/* End PBXProject section */

/* Begin PBXResourcesBuildPhase section */
		4FA85AA01D0C866C00EC906B /* Resources */ = {
			isa = PBXResourcesBuildPhase;
			buildActionMask = 2147483647;
			files = (
			);
			runOnlyForDeploymentPostprocessing = 0;
		};
		4FA85AAA1D0C866C00EC906B /* Resources */ = {
			isa = PBXResourcesBuildPhase;
			buildActionMask = 2147483647;
			files = (
			);
			runOnlyForDeploymentPostprocessing = 0;
		};
		4FA85AC21D0C88D200EC906B /* Resources */ = {
			isa = PBXResourcesBuildPhase;
			buildActionMask = 2147483647;
			files = (
			);
			runOnlyForDeploymentPostprocessing = 0;
		};
		4FA85ACB1D0C88D300EC906B /* Resources */ = {
			isa = PBXResourcesBuildPhase;
			buildActionMask = 2147483647;
			files = (
			);
			runOnlyForDeploymentPostprocessing = 0;
		};
		4FA85ADE1D0C890E00EC906B /* Resources */ = {
			isa = PBXResourcesBuildPhase;
			buildActionMask = 2147483647;
			files = (
			);
			runOnlyForDeploymentPostprocessing = 0;
		};
		4FA85AEB1D0C891D00EC906B /* Resources */ = {
			isa = PBXResourcesBuildPhase;
			buildActionMask = 2147483647;
			files = (
			);
			runOnlyForDeploymentPostprocessing = 0;
		};
		4FA85AF41D0C891D00EC906B /* Resources */ = {
			isa = PBXResourcesBuildPhase;
			buildActionMask = 2147483647;
			files = (
			);
			runOnlyForDeploymentPostprocessing = 0;
		};
/* End PBXResourcesBuildPhase section */

/* Begin PBXSourcesBuildPhase section */
		4FA85A9D1D0C866C00EC906B /* Sources */ = {
			isa = PBXSourcesBuildPhase;
			buildActionMask = 2147483647;
			files = (
				4FA85B091D0C9FF900EC906B /* Errors.swift in Sources */,
				4FA85B0E1D0CA04100EC906B /* Common.swift in Sources */,
				4FA85B1A1D0CA14800EC906B /* ParticleCloud.swift in Sources */,
				4FA85B2C1D0CA15900EC906B /* Foundation+ParticleSwift.swift in Sources */,
				4F5304E91DDCD82A00286CA6 /* Events.swift in Sources */,
				4FA85B221D0CA14800EC906B /* Device.swift in Sources */,
				4FA85B131D0CA07B00EC906B /* Authentication.swift in Sources */,
				4FFCEE891D43B07200FBECDE /* Logging.swift in Sources */,
				4F1110341DD7AA200036E55C /* Webhooks.swift in Sources */,
				4FFCEF101D443C6E00FBECDE /* ParticleSwiftInfo.swift in Sources */,
			);
			runOnlyForDeploymentPostprocessing = 0;
		};
		4FA85AA81D0C866C00EC906B /* Sources */ = {
			isa = PBXSourcesBuildPhase;
			buildActionMask = 2147483647;
			files = (
				4FA85AB21D0C866C00EC906B /* ParticleSwiftTests.swift in Sources */,
			);
			runOnlyForDeploymentPostprocessing = 0;
		};
		4FA85ABF1D0C88D200EC906B /* Sources */ = {
			isa = PBXSourcesBuildPhase;
			buildActionMask = 2147483647;
			files = (
				4FA85B0A1D0C9FF900EC906B /* Errors.swift in Sources */,
				4FA85B0F1D0CA04100EC906B /* Common.swift in Sources */,
				4FA85B1B1D0CA14800EC906B /* ParticleCloud.swift in Sources */,
				4FA85B2D1D0CA15900EC906B /* Foundation+ParticleSwift.swift in Sources */,
				4F5304EA1DDCD84E00286CA6 /* Events.swift in Sources */,
				4FA85B231D0CA14800EC906B /* Device.swift in Sources */,
				4FA85B141D0CA07B00EC906B /* Authentication.swift in Sources */,
				4FFCEE8A1D43B07200FBECDE /* Logging.swift in Sources */,
				4F1110351DD7AA400036E55C /* Webhooks.swift in Sources */,
				4FFCEF111D443C7800FBECDE /* ParticleSwiftInfo.swift in Sources */,
			);
			runOnlyForDeploymentPostprocessing = 0;
		};
		4FA85AC91D0C88D300EC906B /* Sources */ = {
			isa = PBXSourcesBuildPhase;
			buildActionMask = 2147483647;
			files = (
				4FA85AD31D0C88D300EC906B /* ParticleSwift_iOSTests.swift in Sources */,
			);
			runOnlyForDeploymentPostprocessing = 0;
		};
		4FA85ADB1D0C890E00EC906B /* Sources */ = {
			isa = PBXSourcesBuildPhase;
			buildActionMask = 2147483647;
			files = (
				4FA85B0B1D0C9FF900EC906B /* Errors.swift in Sources */,
				4FA85B101D0CA04100EC906B /* Common.swift in Sources */,
				4FA85B1C1D0CA14800EC906B /* ParticleCloud.swift in Sources */,
				4FA85B2E1D0CA15900EC906B /* Foundation+ParticleSwift.swift in Sources */,
				4F5304EC1DDCD85100286CA6 /* Events.swift in Sources */,
				4FA85B241D0CA14800EC906B /* Device.swift in Sources */,
				4FA85B151D0CA07B00EC906B /* Authentication.swift in Sources */,
				4FFCEE8B1D43B07200FBECDE /* Logging.swift in Sources */,
				4F1110361DD7AA410036E55C /* Webhooks.swift in Sources */,
				4FFCEF121D443C7800FBECDE /* ParticleSwiftInfo.swift in Sources */,
			);
			runOnlyForDeploymentPostprocessing = 0;
		};
		4FA85AE81D0C891D00EC906B /* Sources */ = {
			isa = PBXSourcesBuildPhase;
			buildActionMask = 2147483647;
			files = (
				4FA85B0C1D0C9FF900EC906B /* Errors.swift in Sources */,
				4FA85B111D0CA04100EC906B /* Common.swift in Sources */,
				4FA85B1D1D0CA14800EC906B /* ParticleCloud.swift in Sources */,
				4FA85B2F1D0CA15900EC906B /* Foundation+ParticleSwift.swift in Sources */,
				4F5304EB1DDCD85000286CA6 /* Events.swift in Sources */,
				4FA85B251D0CA14800EC906B /* Device.swift in Sources */,
				4FA85B161D0CA07B00EC906B /* Authentication.swift in Sources */,
				4FFCEE8C1D43B07200FBECDE /* Logging.swift in Sources */,
				4F1110371DD7AA410036E55C /* Webhooks.swift in Sources */,
				4FFCEF131D443C7900FBECDE /* ParticleSwiftInfo.swift in Sources */,
			);
			runOnlyForDeploymentPostprocessing = 0;
		};
		4FA85AF21D0C891D00EC906B /* Sources */ = {
			isa = PBXSourcesBuildPhase;
			buildActionMask = 2147483647;
			files = (
				4FA85AFC1D0C891D00EC906B /* ParticleSwift_tvOSTests.swift in Sources */,
			);
			runOnlyForDeploymentPostprocessing = 0;
		};
/* End PBXSourcesBuildPhase section */

/* Begin PBXTargetDependency section */
		4FA85AAF1D0C866C00EC906B /* PBXTargetDependency */ = {
			isa = PBXTargetDependency;
			target = 4FA85AA11D0C866C00EC906B /* ParticleSwift-macOS */;
			targetProxy = 4FA85AAE1D0C866C00EC906B /* PBXContainerItemProxy */;
		};
		4FA85AD01D0C88D300EC906B /* PBXTargetDependency */ = {
			isa = PBXTargetDependency;
			target = 4FA85AC31D0C88D200EC906B /* ParticleSwift-iOS */;
			targetProxy = 4FA85ACF1D0C88D300EC906B /* PBXContainerItemProxy */;
		};
		4FA85AF91D0C891D00EC906B /* PBXTargetDependency */ = {
			isa = PBXTargetDependency;
			target = 4FA85AEC1D0C891D00EC906B /* ParticleSwift-tvOS */;
			targetProxy = 4FA85AF81D0C891D00EC906B /* PBXContainerItemProxy */;
		};
/* End PBXTargetDependency section */

/* Begin XCBuildConfiguration section */
		4FA85AB41D0C866C00EC906B /* Debug */ = {
			isa = XCBuildConfiguration;
			buildSettings = {
				ALWAYS_SEARCH_USER_PATHS = NO;
				CLANG_ANALYZER_NONNULL = YES;
				CLANG_CXX_LANGUAGE_STANDARD = "gnu++0x";
				CLANG_CXX_LIBRARY = "libc++";
				CLANG_ENABLE_MODULES = YES;
				CLANG_ENABLE_OBJC_ARC = YES;
				CLANG_WARN_BOOL_CONVERSION = YES;
				CLANG_WARN_CONSTANT_CONVERSION = YES;
				CLANG_WARN_DIRECT_OBJC_ISA_USAGE = YES_ERROR;
				CLANG_WARN_EMPTY_BODY = YES;
				CLANG_WARN_ENUM_CONVERSION = YES;
				CLANG_WARN_INFINITE_RECURSION = YES;
				CLANG_WARN_INT_CONVERSION = YES;
				CLANG_WARN_OBJC_ROOT_CLASS = YES_ERROR;
				CLANG_WARN_SUSPICIOUS_MOVE = YES;
				CLANG_WARN_UNREACHABLE_CODE = YES;
				CLANG_WARN__DUPLICATE_METHOD_MATCH = YES;
				CODE_SIGN_IDENTITY = "-";
				COPY_PHASE_STRIP = NO;
				CURRENT_PROJECT_VERSION = 1;
				DEBUG_INFORMATION_FORMAT = dwarf;
				ENABLE_STRICT_OBJC_MSGSEND = YES;
				ENABLE_TESTABILITY = YES;
				GCC_C_LANGUAGE_STANDARD = gnu99;
				GCC_DYNAMIC_NO_PIC = NO;
				GCC_NO_COMMON_BLOCKS = YES;
				GCC_OPTIMIZATION_LEVEL = 0;
				GCC_PREPROCESSOR_DEFINITIONS = (
					"DEBUG=1",
					"$(inherited)",
				);
				GCC_WARN_64_TO_32_BIT_CONVERSION = YES;
				GCC_WARN_ABOUT_RETURN_TYPE = YES_ERROR;
				GCC_WARN_UNDECLARED_SELECTOR = YES;
				GCC_WARN_UNINITIALIZED_AUTOS = YES_AGGRESSIVE;
				GCC_WARN_UNUSED_FUNCTION = YES;
				GCC_WARN_UNUSED_VARIABLE = YES;
				IPHONEOS_DEPLOYMENT_TARGET = 9.0;
				MACOSX_DEPLOYMENT_TARGET = 10.11;
				MTL_ENABLE_DEBUG_INFO = YES;
				ONLY_ACTIVE_ARCH = YES;
				SDKROOT = macosx;
				SWIFT_OPTIMIZATION_LEVEL = "-Onone";
				SWIFT_VERSION = 3.0;
				VERSIONING_SYSTEM = "apple-generic";
				VERSION_INFO_PREFIX = "";
			};
			name = Debug;
		};
		4FA85AB51D0C866C00EC906B /* Release */ = {
			isa = XCBuildConfiguration;
			buildSettings = {
				ALWAYS_SEARCH_USER_PATHS = NO;
				CLANG_ANALYZER_NONNULL = YES;
				CLANG_CXX_LANGUAGE_STANDARD = "gnu++0x";
				CLANG_CXX_LIBRARY = "libc++";
				CLANG_ENABLE_MODULES = YES;
				CLANG_ENABLE_OBJC_ARC = YES;
				CLANG_WARN_BOOL_CONVERSION = YES;
				CLANG_WARN_CONSTANT_CONVERSION = YES;
				CLANG_WARN_DIRECT_OBJC_ISA_USAGE = YES_ERROR;
				CLANG_WARN_EMPTY_BODY = YES;
				CLANG_WARN_ENUM_CONVERSION = YES;
				CLANG_WARN_INFINITE_RECURSION = YES;
				CLANG_WARN_INT_CONVERSION = YES;
				CLANG_WARN_OBJC_ROOT_CLASS = YES_ERROR;
				CLANG_WARN_SUSPICIOUS_MOVE = YES;
				CLANG_WARN_UNREACHABLE_CODE = YES;
				CLANG_WARN__DUPLICATE_METHOD_MATCH = YES;
				CODE_SIGN_IDENTITY = "-";
				COPY_PHASE_STRIP = NO;
				CURRENT_PROJECT_VERSION = 1;
				DEBUG_INFORMATION_FORMAT = "dwarf-with-dsym";
				ENABLE_NS_ASSERTIONS = NO;
				ENABLE_STRICT_OBJC_MSGSEND = YES;
				GCC_C_LANGUAGE_STANDARD = gnu99;
				GCC_NO_COMMON_BLOCKS = YES;
				GCC_WARN_64_TO_32_BIT_CONVERSION = YES;
				GCC_WARN_ABOUT_RETURN_TYPE = YES_ERROR;
				GCC_WARN_UNDECLARED_SELECTOR = YES;
				GCC_WARN_UNINITIALIZED_AUTOS = YES_AGGRESSIVE;
				GCC_WARN_UNUSED_FUNCTION = YES;
				GCC_WARN_UNUSED_VARIABLE = YES;
				IPHONEOS_DEPLOYMENT_TARGET = 9.0;
				MACOSX_DEPLOYMENT_TARGET = 10.11;
				MTL_ENABLE_DEBUG_INFO = NO;
				SDKROOT = macosx;
				SWIFT_VERSION = 3.0;
				VERSIONING_SYSTEM = "apple-generic";
				VERSION_INFO_PREFIX = "";
			};
			name = Release;
		};
		4FA85AB71D0C866C00EC906B /* Debug */ = {
			isa = XCBuildConfiguration;
			buildSettings = {
				CLANG_ENABLE_MODULES = YES;
				COMBINE_HIDPI_IMAGES = YES;
				DEFINES_MODULE = YES;
				DYLIB_COMPATIBILITY_VERSION = 1;
				DYLIB_CURRENT_VERSION = 1;
				DYLIB_INSTALL_NAME_BASE = "@rpath";
				FRAMEWORK_VERSION = A;
				INFOPLIST_FILE = ParticleSwift/Info.plist;
				INSTALL_PATH = "$(LOCAL_LIBRARY_DIR)/Frameworks";
				LD_RUNPATH_SEARCH_PATHS = "$(inherited) @executable_path/../Frameworks @loader_path/Frameworks";
				PRODUCT_BUNDLE_IDENTIFIER = com.vakoc.ParticleSwift;
				PRODUCT_NAME = ParticleSwift;
				SKIP_INSTALL = YES;
				SWIFT_OPTIMIZATION_LEVEL = "-Onone";
				SWIFT_VERSION = 3.0;
			};
			name = Debug;
		};
		4FA85AB81D0C866C00EC906B /* Release */ = {
			isa = XCBuildConfiguration;
			buildSettings = {
				CLANG_ENABLE_MODULES = YES;
				COMBINE_HIDPI_IMAGES = YES;
				DEFINES_MODULE = YES;
				DYLIB_COMPATIBILITY_VERSION = 1;
				DYLIB_CURRENT_VERSION = 1;
				DYLIB_INSTALL_NAME_BASE = "@rpath";
				FRAMEWORK_VERSION = A;
				INFOPLIST_FILE = ParticleSwift/Info.plist;
				INSTALL_PATH = "$(LOCAL_LIBRARY_DIR)/Frameworks";
				LD_RUNPATH_SEARCH_PATHS = "$(inherited) @executable_path/../Frameworks @loader_path/Frameworks";
				PRODUCT_BUNDLE_IDENTIFIER = com.vakoc.ParticleSwift;
				PRODUCT_NAME = ParticleSwift;
				SKIP_INSTALL = YES;
				SWIFT_OPTIMIZATION_LEVEL = "-Owholemodule";
				SWIFT_VERSION = 3.0;
			};
			name = Release;
		};
		4FA85ABA1D0C866C00EC906B /* Debug */ = {
			isa = XCBuildConfiguration;
			buildSettings = {
				COMBINE_HIDPI_IMAGES = YES;
				INFOPLIST_FILE = ParticleSwiftTests/Info.plist;
				LD_RUNPATH_SEARCH_PATHS = "$(inherited) @executable_path/../Frameworks @loader_path/../Frameworks";
				PRODUCT_BUNDLE_IDENTIFIER = com.vakoc.ParticleSwiftTests;
				PRODUCT_NAME = "$(TARGET_NAME)";
				SWIFT_VERSION = 3.0;
			};
			name = Debug;
		};
		4FA85ABB1D0C866C00EC906B /* Release */ = {
			isa = XCBuildConfiguration;
			buildSettings = {
				COMBINE_HIDPI_IMAGES = YES;
				INFOPLIST_FILE = ParticleSwiftTests/Info.plist;
				LD_RUNPATH_SEARCH_PATHS = "$(inherited) @executable_path/../Frameworks @loader_path/../Frameworks";
				PRODUCT_BUNDLE_IDENTIFIER = com.vakoc.ParticleSwiftTests;
				PRODUCT_NAME = "$(TARGET_NAME)";
				SWIFT_OPTIMIZATION_LEVEL = "-Owholemodule";
				SWIFT_VERSION = 3.0;
			};
			name = Release;
		};
		4FA85AD61D0C88D300EC906B /* Debug */ = {
			isa = XCBuildConfiguration;
			buildSettings = {
				"CODE_SIGN_IDENTITY[sdk=iphoneos*]" = "";
				DEFINES_MODULE = YES;
				DEVELOPMENT_TEAM = "";
				DYLIB_COMPATIBILITY_VERSION = 1;
				DYLIB_CURRENT_VERSION = 1;
				DYLIB_INSTALL_NAME_BASE = "@rpath";
				INFOPLIST_FILE = "ParticleSwift-iOS/Info.plist";
				INSTALL_PATH = "$(LOCAL_LIBRARY_DIR)/Frameworks";
				LD_RUNPATH_SEARCH_PATHS = "$(inherited) @executable_path/Frameworks @loader_path/Frameworks";
				PRODUCT_BUNDLE_IDENTIFIER = "com.vakoc.ParticleSwift-iOS";
				PRODUCT_NAME = ParticleSwift;
				SDKROOT = iphoneos;
				SKIP_INSTALL = YES;
				SWIFT_VERSION = 3.0;
				TARGETED_DEVICE_FAMILY = "1,2";
			};
			name = Debug;
		};
		4FA85AD71D0C88D300EC906B /* Release */ = {
			isa = XCBuildConfiguration;
			buildSettings = {
				"CODE_SIGN_IDENTITY[sdk=iphoneos*]" = "";
				DEFINES_MODULE = YES;
				DEVELOPMENT_TEAM = "";
				DYLIB_COMPATIBILITY_VERSION = 1;
				DYLIB_CURRENT_VERSION = 1;
				DYLIB_INSTALL_NAME_BASE = "@rpath";
				INFOPLIST_FILE = "ParticleSwift-iOS/Info.plist";
				INSTALL_PATH = "$(LOCAL_LIBRARY_DIR)/Frameworks";
				LD_RUNPATH_SEARCH_PATHS = "$(inherited) @executable_path/Frameworks @loader_path/Frameworks";
				PRODUCT_BUNDLE_IDENTIFIER = "com.vakoc.ParticleSwift-iOS";
				PRODUCT_NAME = ParticleSwift;
				SDKROOT = iphoneos;
				SKIP_INSTALL = YES;
				SWIFT_OPTIMIZATION_LEVEL = "-Owholemodule";
				SWIFT_VERSION = 3.0;
				TARGETED_DEVICE_FAMILY = "1,2";
				VALIDATE_PRODUCT = YES;
			};
			name = Release;
		};
		4FA85AD91D0C88D300EC906B /* Debug */ = {
			isa = XCBuildConfiguration;
			buildSettings = {
				"CODE_SIGN_IDENTITY[sdk=iphoneos*]" = "iPhone Developer";
				INFOPLIST_FILE = "ParticleSwift-iOSTests/Info.plist";
				IPHONEOS_DEPLOYMENT_TARGET = 9.3;
				LD_RUNPATH_SEARCH_PATHS = "$(inherited) @executable_path/Frameworks @loader_path/Frameworks";
				PRODUCT_BUNDLE_IDENTIFIER = "com.vakoc.ParticleSwift-iOSTests";
				PRODUCT_NAME = "$(TARGET_NAME)";
				SDKROOT = iphoneos;
			};
			name = Debug;
		};
		4FA85ADA1D0C88D300EC906B /* Release */ = {
			isa = XCBuildConfiguration;
			buildSettings = {
				"CODE_SIGN_IDENTITY[sdk=iphoneos*]" = "iPhone Developer";
				INFOPLIST_FILE = "ParticleSwift-iOSTests/Info.plist";
				IPHONEOS_DEPLOYMENT_TARGET = 9.3;
				LD_RUNPATH_SEARCH_PATHS = "$(inherited) @executable_path/Frameworks @loader_path/Frameworks";
				PRODUCT_BUNDLE_IDENTIFIER = "com.vakoc.ParticleSwift-iOSTests";
				PRODUCT_NAME = "$(TARGET_NAME)";
				SDKROOT = iphoneos;
				SWIFT_OPTIMIZATION_LEVEL = "-Owholemodule";
				VALIDATE_PRODUCT = YES;
			};
			name = Release;
		};
		4FA85AE61D0C890E00EC906B /* Debug */ = {
			isa = XCBuildConfiguration;
			buildSettings = {
				APPLICATION_EXTENSION_API_ONLY = YES;
				"CODE_SIGN_IDENTITY[sdk=watchos*]" = "";
				DEFINES_MODULE = YES;
				DEVELOPMENT_TEAM = "";
				DYLIB_COMPATIBILITY_VERSION = 1;
				DYLIB_CURRENT_VERSION = 1;
				DYLIB_INSTALL_NAME_BASE = "@rpath";
				INFOPLIST_FILE = "ParticleSwift-watchOS/Info.plist";
				INSTALL_PATH = "$(LOCAL_LIBRARY_DIR)/Frameworks";
				LD_RUNPATH_SEARCH_PATHS = "$(inherited) @executable_path/Frameworks @loader_path/Frameworks";
				PRODUCT_BUNDLE_IDENTIFIER = "com.vakoc.ParticleSwift-watchOS";
				PRODUCT_NAME = ParticleSwift;
				SDKROOT = watchos;
				SKIP_INSTALL = YES;
				SWIFT_VERSION = 3.0;
				TARGETED_DEVICE_FAMILY = 4;
				WATCHOS_DEPLOYMENT_TARGET = 2.2;
			};
			name = Debug;
		};
		4FA85AE71D0C890E00EC906B /* Release */ = {
			isa = XCBuildConfiguration;
			buildSettings = {
				APPLICATION_EXTENSION_API_ONLY = YES;
				"CODE_SIGN_IDENTITY[sdk=watchos*]" = "";
				DEFINES_MODULE = YES;
				DEVELOPMENT_TEAM = "";
				DYLIB_COMPATIBILITY_VERSION = 1;
				DYLIB_CURRENT_VERSION = 1;
				DYLIB_INSTALL_NAME_BASE = "@rpath";
				INFOPLIST_FILE = "ParticleSwift-watchOS/Info.plist";
				INSTALL_PATH = "$(LOCAL_LIBRARY_DIR)/Frameworks";
				LD_RUNPATH_SEARCH_PATHS = "$(inherited) @executable_path/Frameworks @loader_path/Frameworks";
				PRODUCT_BUNDLE_IDENTIFIER = "com.vakoc.ParticleSwift-watchOS";
				PRODUCT_NAME = ParticleSwift;
				SDKROOT = watchos;
				SKIP_INSTALL = YES;
				SWIFT_OPTIMIZATION_LEVEL = "-Owholemodule";
				SWIFT_VERSION = 3.0;
				TARGETED_DEVICE_FAMILY = 4;
				VALIDATE_PRODUCT = YES;
				WATCHOS_DEPLOYMENT_TARGET = 2.2;
			};
			name = Release;
		};
		4FA85AFF1D0C891D00EC906B /* Debug */ = {
			isa = XCBuildConfiguration;
			buildSettings = {
				"CODE_SIGN_IDENTITY[sdk=appletvos*]" = "";
				DEFINES_MODULE = YES;
				DEVELOPMENT_TEAM = "";
				DYLIB_COMPATIBILITY_VERSION = 1;
				DYLIB_CURRENT_VERSION = 1;
				DYLIB_INSTALL_NAME_BASE = "@rpath";
				INFOPLIST_FILE = "ParticleSwift-tvOS/Info.plist";
				INSTALL_PATH = "$(LOCAL_LIBRARY_DIR)/Frameworks";
				LD_RUNPATH_SEARCH_PATHS = "$(inherited) @executable_path/Frameworks @loader_path/Frameworks";
				PRODUCT_BUNDLE_IDENTIFIER = "com.vakoc.ParticleSwift-tvOS";
				PRODUCT_NAME = ParticleSwift;
				SDKROOT = appletvos;
				SKIP_INSTALL = YES;
				TARGETED_DEVICE_FAMILY = 3;
				TVOS_DEPLOYMENT_TARGET = 9.2;
			};
			name = Debug;
		};
		4FA85B001D0C891D00EC906B /* Release */ = {
			isa = XCBuildConfiguration;
			buildSettings = {
				"CODE_SIGN_IDENTITY[sdk=appletvos*]" = "";
				DEFINES_MODULE = YES;
				DEVELOPMENT_TEAM = "";
				DYLIB_COMPATIBILITY_VERSION = 1;
				DYLIB_CURRENT_VERSION = 1;
				DYLIB_INSTALL_NAME_BASE = "@rpath";
				INFOPLIST_FILE = "ParticleSwift-tvOS/Info.plist";
				INSTALL_PATH = "$(LOCAL_LIBRARY_DIR)/Frameworks";
				LD_RUNPATH_SEARCH_PATHS = "$(inherited) @executable_path/Frameworks @loader_path/Frameworks";
				PRODUCT_BUNDLE_IDENTIFIER = "com.vakoc.ParticleSwift-tvOS";
				PRODUCT_NAME = ParticleSwift;
				SDKROOT = appletvos;
				SKIP_INSTALL = YES;
				SWIFT_OPTIMIZATION_LEVEL = "-Owholemodule";
				TARGETED_DEVICE_FAMILY = 3;
				TVOS_DEPLOYMENT_TARGET = 9.2;
				VALIDATE_PRODUCT = YES;
			};
			name = Release;
		};
		4FA85B021D0C891D00EC906B /* Debug */ = {
			isa = XCBuildConfiguration;
			buildSettings = {
				INFOPLIST_FILE = "ParticleSwift-tvOSTests/Info.plist";
				LD_RUNPATH_SEARCH_PATHS = "$(inherited) @executable_path/Frameworks @loader_path/Frameworks";
				PRODUCT_BUNDLE_IDENTIFIER = "com.vakoc.ParticleSwift-tvOSTests";
				PRODUCT_NAME = "$(TARGET_NAME)";
				SDKROOT = appletvos;
				TVOS_DEPLOYMENT_TARGET = 9.2;
			};
			name = Debug;
		};
		4FA85B031D0C891D00EC906B /* Release */ = {
			isa = XCBuildConfiguration;
			buildSettings = {
				INFOPLIST_FILE = "ParticleSwift-tvOSTests/Info.plist";
				LD_RUNPATH_SEARCH_PATHS = "$(inherited) @executable_path/Frameworks @loader_path/Frameworks";
				PRODUCT_BUNDLE_IDENTIFIER = "com.vakoc.ParticleSwift-tvOSTests";
				PRODUCT_NAME = "$(TARGET_NAME)";
				SDKROOT = appletvos;
				SWIFT_OPTIMIZATION_LEVEL = "-Owholemodule";
				TVOS_DEPLOYMENT_TARGET = 9.2;
				VALIDATE_PRODUCT = YES;
			};
			name = Release;
		};
/* End XCBuildConfiguration section */

/* Begin XCConfigurationList section */
		4FA85A9C1D0C866C00EC906B /* Build configuration list for PBXProject "ParticleSwift" */ = {
			isa = XCConfigurationList;
			buildConfigurations = (
				4FA85AB41D0C866C00EC906B /* Debug */,
				4FA85AB51D0C866C00EC906B /* Release */,
			);
			defaultConfigurationIsVisible = 0;
			defaultConfigurationName = Release;
		};
		4FA85AB61D0C866C00EC906B /* Build configuration list for PBXNativeTarget "ParticleSwift-macOS" */ = {
			isa = XCConfigurationList;
			buildConfigurations = (
				4FA85AB71D0C866C00EC906B /* Debug */,
				4FA85AB81D0C866C00EC906B /* Release */,
			);
			defaultConfigurationIsVisible = 0;
			defaultConfigurationName = Release;
		};
		4FA85AB91D0C866C00EC906B /* Build configuration list for PBXNativeTarget "ParticleSwift-macOSTests" */ = {
			isa = XCConfigurationList;
			buildConfigurations = (
				4FA85ABA1D0C866C00EC906B /* Debug */,
				4FA85ABB1D0C866C00EC906B /* Release */,
			);
			defaultConfigurationIsVisible = 0;
			defaultConfigurationName = Release;
		};
		4FA85AD51D0C88D300EC906B /* Build configuration list for PBXNativeTarget "ParticleSwift-iOS" */ = {
			isa = XCConfigurationList;
			buildConfigurations = (
				4FA85AD61D0C88D300EC906B /* Debug */,
				4FA85AD71D0C88D300EC906B /* Release */,
			);
			defaultConfigurationIsVisible = 0;
			defaultConfigurationName = Release;
		};
		4FA85AD81D0C88D300EC906B /* Build configuration list for PBXNativeTarget "ParticleSwift-iOSTests" */ = {
			isa = XCConfigurationList;
			buildConfigurations = (
				4FA85AD91D0C88D300EC906B /* Debug */,
				4FA85ADA1D0C88D300EC906B /* Release */,
			);
			defaultConfigurationIsVisible = 0;
			defaultConfigurationName = Release;
		};
		4FA85AE51D0C890E00EC906B /* Build configuration list for PBXNativeTarget "ParticleSwift-watchOS" */ = {
			isa = XCConfigurationList;
			buildConfigurations = (
				4FA85AE61D0C890E00EC906B /* Debug */,
				4FA85AE71D0C890E00EC906B /* Release */,
			);
			defaultConfigurationIsVisible = 0;
			defaultConfigurationName = Release;
		};
		4FA85AFE1D0C891D00EC906B /* Build configuration list for PBXNativeTarget "ParticleSwift-tvOS" */ = {
			isa = XCConfigurationList;
			buildConfigurations = (
				4FA85AFF1D0C891D00EC906B /* Debug */,
				4FA85B001D0C891D00EC906B /* Release */,
			);
			defaultConfigurationIsVisible = 0;
			defaultConfigurationName = Release;
		};
		4FA85B011D0C891D00EC906B /* Build configuration list for PBXNativeTarget "ParticleSwift-tvOSTests" */ = {
			isa = XCConfigurationList;
			buildConfigurations = (
				4FA85B021D0C891D00EC906B /* Debug */,
				4FA85B031D0C891D00EC906B /* Release */,
			);
			defaultConfigurationIsVisible = 0;
			defaultConfigurationName = Release;
		};
/* End XCConfigurationList section */
	};
	rootObject = 4FA85A991D0C866C00EC906B /* Project object */;
}
